
Microsoft Visual Studio Solution File, Format Version 12.00
# Visual Studio Version 17
VisualStudioVersion = 17.4.33205.214
MinimumVisualStudioVersion = 10.0.40219.1
Project("{9A19103F-16F7-4668-BE54-9A1E7A4F7556}") = "DataLogger", "DataLogger.csproj", "{C93575CC-E1B3-449B-8C1D-CBA70F4C81B4}"
EndProject
Global
	GlobalSection(SolutionConfigurationPlatforms) = preSolution
		Debug|Any CPU = Debug|Any CPU
		Release|Any CPU = Release|Any CPU
	EndGlobalSection
	GlobalSection(ProjectConfigurationPlatforms) = postSolution
		{C93575CC-E1B3-449B-8C1D-CBA70F4C81B4}.Debug|Any CPU.ActiveCfg = Debug|Any CPU
		{C93575CC-E1B3-449B-8C1D-CBA70F4C81B4}.Debug|Any CPU.Build.0 = Debug|Any CPU
		{C93575CC-E1B3-449B-8C1D-CBA70F4C81B4}.Release|Any CPU.ActiveCfg = Release|Any CPU
		{C93575CC-E1B3-449B-8C1D-CBA70F4C81B4}.Release|Any CPU.Build.0 = Release|Any CPU
	EndGlobalSection
	GlobalSection(SolutionProperties) = preSolution
		HideSolutionNode = FALSE
	EndGlobalSection
	GlobalSection(ExtensibilityGlobals) = postSolution
		SolutionGuid = {D4E064B2-E95D-401E-BB26-0B86AC0E851D}
	EndGlobalSection
EndGlobal
